<?xml version="1.0" encoding="utf-8"?>
<Project ToolsVersion="4.0" xmlns="http://schemas.microsoft.com/developer/msbuild/2003">
  <ItemGroup>
    <Filter Include="源文件">
      <UniqueIdentifier>{4FC737F1-C7A5-4376-A066-2A32D752A2FF}</UniqueIdentifier>
      <Extensions>cpp;c;cc;cxx;def;odl;idl;hpj;bat;asm;asmx</Extensions>
    </Filter>
    <Filter Include="头文件">
      <UniqueIdentifier>{93995380-89BD-4b04-88EB-625FBE52EBFB}</UniqueIdentifier>
      <Extensions>h;hpp;hxx;hm;inl;inc;xsd</Extensions>
    </Filter>
    <Filter Include="资源文件">
      <UniqueIdentifier>{67DA6AB6-F800-4c08-8B7A-83BB121AAD01}</UniqueIdentifier>
      <Extensions>rc;ico;cur;bmp;dlg;rc2;rct;bin;rgs;gif;jpg;jpeg;jpe;resx;tiff;tif;png;wav</Extensions>
    </Filter>
  </ItemGroup>
  <ItemGroup>
    <ClCompile Include="PW_3D.cpp">
      <Filter>源文件</Filter>
    </ClCompile>
    <ClCompile Include="PW_3DDevice.cpp">
      <Filter>源文件</Filter>
    </ClCompile>
    <ClCompile Include="stdafx.cpp">
      <Filter>源文件</Filter>
    </ClCompile>
    <ClCompile Include="PW_Math.cpp">
      <Filter>源文件</Filter>
    </ClCompile>
    <ClCompile Include="PW_Obj.cpp">
      <Filter>源文件</Filter>
    </ClCompile>
    <ClCompile Include="PW_Camera.cpp">
      <Filter>源文件</Filter>
    </ClCompile>
    <ClCompile Include="PW_SphereMesh.cpp">
      <Filter>源文件</Filter>
    </ClCompile>
    <ClCompile Include="PW_Light.cpp">
      <Filter>源文件</Filter>
    </ClCompile>
    <ClCompile Include="PW_AreaLight.cpp">
      <Filter>源文件</Filter>
    </ClCompile>
  </ItemGroup>
  <ItemGroup>
    <ClInclude Include="PW_3D.h">
      <Filter>头文件</Filter>
    </ClInclude>
    <ClInclude Include="PW_3DDevice.h">
      <Filter>头文件</Filter>
    </ClInclude>
    <ClInclude Include="PW_Math.h">
      <Filter>头文件</Filter>
    </ClInclude>
    <ClInclude Include="PW_Obj.h">
      <Filter>头文件</Filter>
    </ClInclude>
    <ClInclude Include="Resource.h">
      <Filter>头文件</Filter>
    </ClInclude>
    <ClInclude Include="stdafx.h">
      <Filter>头文件</Filter>
    </ClInclude>
    <ClInclude Include="targetver.h">
      <Filter>头文件</Filter>
    </ClInclude>
    <ClInclude Include="PW_Camera.h">
      <Filter>头文件</Filter>
    </ClInclude>
    <ClInclude Include="PW_SphereMesh.h">
      <Filter>头文件</Filter>
    </ClInclude>
    <ClInclude Include="PW_Light.h">
      <Filter>头文件</Filter>
    </ClInclude>
    <ClInclude Include="PW_AreaLight.h">
      <Filter>头文件</Filter>
    </ClInclude>
    <ClInclude Include="PW_define.h">
      <Filter>头文件</Filter>
    </ClInclude>
  </ItemGroup>
  <ItemGroup>
    <Image Include="PW_3D.ico">
      <Filter>资源文件</Filter>
    </Image>
    <Image Include="small.ico">
      <Filter>资源文件</Filter>
    </Image>
  </ItemGroup>
  <ItemGroup>
    <ResourceCompile Include="PW_3D.rc">
      <Filter>资源文件</Filter>
    </ResourceCompile>
  </ItemGroup>
  <ItemGroup>
    <Text Include="ReadMe.txt" />
  </ItemGroup>
</Project>